Microsoft Visual Studio Solution File, Format Version 12.00
# Visual Studio 15
VisualStudioVersion = 15.0.27130.2027
MinimumVisualStudioVersion = 15.0.26124.0
Project("{9A19103F-16F7-4668-BE54-9A1E7A4F7556}") = "BlazorCrud.Server", "BlazorCrud.Server\BlazorCrud.Server.csproj", "{FD05FFEF-61B5-4164-8B84-0C4655B0F0F1}"
EndProject
Project("{9A19103F-16F7-4668-BE54-9A1E7A4F7556}") = "BlazorCrud.Client", "BlazorCrud.Client\BlazorCrud.Client.csproj", "{C8C246E5-D819-44CE-8963-EF21B9849EF9}"
EndProject
Project("{9A19103F-16F7-4668-BE54-9A1E7A4F7556}") = "BlazorCrud.Shared", "BlazorCrud.Shared\BlazorCrud.Shared.csproj", "{90EC5451-C71B-475E-B49C-42BB9D8720E7}"
EndProject
Global
	GlobalSection(SolutionConfigurationPlatforms) = preSolution
		Debug|Any CPU = Debug|Any CPU
		Debug|x64 = Debug|x64
		Debug|x86 = Debug|x86
		Release|Any CPU = Release|Any CPU
		Release|x64 = Release|x64
		Release|x86 = Release|x86
	EndGlobalSection
	GlobalSection(ProjectConfigurationPlatforms) = postSolution
		{C8C246E5-D819-44CE-8963-EF21B9849EF9}.Debug|Any CPU.ActiveCfg = Debug|Any CPU
		{C8C246E5-D819-44CE-8963-EF21B9849EF9}.Debug|Any CPU.Build.0 = Debug|Any CPU
		{C8C246E5-D819-44CE-8963-EF21B9849EF9}.Debug|x64.ActiveCfg = Debug|Any CPU
		{C8C246E5-D819-44CE-8963-EF21B9849EF9}.Debug|x64.Build.0 = Debug|Any CPU
		{C8C246E5-D819-44CE-8963-EF21B9849EF9}.Debug|x86.ActiveCfg = Debug|Any CPU
		{C8C246E5-D819-44CE-8963-EF21B9849EF9}.Debug|x86.Build.0 = Debug|Any CPU
		{C8C246E5-D819-44CE-8963-EF21B9849EF9}.Release|Any CPU.ActiveCfg = Release|Any CPU
		{C8C246E5-D819-44CE-8963-EF21B9849EF9}.Release|Any CPU.Build.0 = Release|Any CPU
		{C8C246E5-D819-44CE-8963-EF21B9849EF9}.Release|x64.ActiveCfg = Release|Any CPU
		{C8C246E5-D819-44CE-8963-EF21B9849EF9}.Release|x64.Build.0 = Release|Any CPU
		{C8C246E5-D819-44CE-8963-EF21B9849EF9}.Release|x86.ActiveCfg = Release|Any CPU
		{C8C246E5-D819-44CE-8963-EF21B9849EF9}.Release|x86.Build.0 = Release|Any CPU
		{FD05FFEF-61B5-4164-8B84-0C4655B0F0F1}.Debug|Any CPU.ActiveCfg = Debug|Any CPU
		{FD05FFEF-61B5-4164-8B84-0C4655B0F0F1}.Debug|Any CPU.Build.0 = Debug|Any CPU
		{FD05FFEF-61B5-4164-8B84-0C4655B0F0F1}.Debug|x64.ActiveCfg = Debug|Any CPU
		{FD05FFEF-61B5-4164-8B84-0C4655B0F0F1}.Debug|x64.Build.0 = Debug|Any CPU
		{FD05FFEF-61B5-4164-8B84-0C4655B0F0F1}.Debug|x86.ActiveCfg = Debug|Any CPU
		{FD05FFEF-61B5-4164-8B84-0C4655B0F0F1}.Debug|x86.Build.0 = Debug|Any CPU
		{FD05FFEF-61B5-4164-8B84-0C4655B0F0F1}.Release|Any CPU.ActiveCfg = Release|Any CPU
		{FD05FFEF-61B5-4164-8B84-0C4655B0F0F1}.Release|Any CPU.Build.0 = Release|Any CPU
		{FD05FFEF-61B5-4164-8B84-0C4655B0F0F1}.Release|x64.ActiveCfg = Release|Any CPU
		{FD05FFEF-61B5-4164-8B84-0C4655B0F0F1}.Release|x64.Build.0 = Release|Any CPU
		{FD05FFEF-61B5-4164-8B84-0C4655B0F0F1}.Release|x86.ActiveCfg = Release|Any CPU
		{FD05FFEF-61B5-4164-8B84-0C4655B0F0F1}.Release|x86.Build.0 = Release|Any CPU
		{90EC5451-C71B-475E-B49C-42BB9D8720E7}.Debug|Any CPU.ActiveCfg = Debug|Any CPU
		{90EC5451-C71B-475E-B49C-42BB9D8720E7}.Debug|Any CPU.Build.0 = Debug|Any CPU
		{90EC5451-C71B-475E-B49C-42BB9D8720E7}.Debug|x64.ActiveCfg = Debug|Any CPU
		{90EC5451-C71B-475E-B49C-42BB9D8720E7}.Debug|x64.Build.0 = Debug|Any CPU
		{90EC5451-C71B-475E-B49C-42BB9D8720E7}.Debug|x86.ActiveCfg = Debug|Any CPU
		{90EC5451-C71B-475E-B49C-42BB9D8720E7}.Debug|x86.Build.0 = Debug|Any CPU
		{90EC5451-C71B-475E-B49C-42BB9D8720E7}.Release|Any CPU.ActiveCfg = Release|Any CPU
		{90EC5451-C71B-475E-B49C-42BB9D8720E7}.Release|Any CPU.Build.0 = Release|Any CPU
		{90EC5451-C71B-475E-B49C-42BB9D8720E7}.Release|x64.ActiveCfg = Release|Any CPU
		{90EC5451-C71B-475E-B49C-42BB9D8720E7}.Release|x64.Build.0 = Release|Any CPU
		{90EC5451-C71B-475E-B49C-42BB9D8720E7}.Release|x86.ActiveCfg = Release|Any CPU
		{90EC5451-C71B-475E-B49C-42BB9D8720E7}.Release|x86.Build.0 = Release|Any CPU
	EndGlobalSection
	GlobalSection(SolutionProperties) = preSolution
		HideSolutionNode = FALSE
	EndGlobalSection
	GlobalSection(ExtensibilityGlobals) = postSolution
		SolutionGuid = {A09A61DC-AC98-4D42-BAB3-B5FD81BC700E}
	EndGlobalSection
EndGlobal
